// !$*UTF8*$!
{
	archiveVersion = 1;
	classes = {
	};
	objectVersion = 54;
	objects = {

/* Begin PBXBuildFile section */
		23F9BA3E2807E62E00226BA4 /* AppDelegate.swift in Sources */ = {isa = PBXBuildFile; fileRef = 23F9BA3D2807E62E00226BA4 /* AppDelegate.swift */; };
		23F9BA402807E62E00226BA4 /* ViewController.swift in Sources */ = {isa = PBXBuildFile; fileRef = 23F9BA3F2807E62E00226BA4 /* ViewController.swift */; };
		23F9BA422807E62F00226BA4 /* Assets.xcassets in Resources */ = {isa = PBXBuildFile; fileRef = 23F9BA412807E62F00226BA4 /* Assets.xcassets */; };
		23F9BA452807E62F00226BA4 /* Main.storyboard in Resources */ = {isa = PBXBuildFile; fileRef = 23F9BA432807E62F00226BA4 /* Main.storyboard */; };
		23F9BA582808003800226BA4 /* DSFAppearanceManager in Frameworks */ = {isa = PBXBuildFile; productRef = 23F9BA572808003800226BA4 /* DSFAppearanceManager */; };
		23F9BA8B280803DE00226BA4 /* AppDelegate.m in Sources */ = {isa = PBXBuildFile; fileRef = 23F9BA8A280803DE00226BA4 /* AppDelegate.m */; };
		23F9BA8E280803DE00226BA4 /* ViewController.m in Sources */ = {isa = PBXBuildFile; fileRef = 23F9BA8D280803DE00226BA4 /* ViewController.m */; };
		23F9BA90280803DF00226BA4 /* Assets.xcassets in Resources */ = {isa = PBXBuildFile; fileRef = 23F9BA8F280803DF00226BA4 /* Assets.xcassets */; };
		23F9BA93280803DF00226BA4 /* Main.storyboard in Resources */ = {isa = PBXBuildFile; fileRef = 23F9BA91280803DF00226BA4 /* Main.storyboard */; };
		23F9BA95280803DF00226BA4 /* main.m in Sources */ = {isa = PBXBuildFile; fileRef = 23F9BA94280803DF00226BA4 /* main.m */; };
		23F9BA9B2808040800226BA4 /* DSFAppearanceManager in Frameworks */ = {isa = PBXBuildFile; productRef = 23F9BA9A2808040800226BA4 /* DSFAppearanceManager */; };
/* End PBXBuildFile section */

/* Begin PBXCopyFilesBuildPhase section */
		23F9BA562808001200226BA4 /* Embed Frameworks */ = {
			isa = PBXCopyFilesBuildPhase;
			buildActionMask = 2147483647;
			dstPath = "";
			dstSubfolderSpec = 10;
			files = (
			);
			name = "Embed Frameworks";
			runOnlyForDeploymentPostprocessing = 0;
		};
/* End PBXCopyFilesBuildPhase section */

/* Begin PBXFileReference section */
		23F9BA3A2807E62E00226BA4 /* DSFAppearanceManager Demo.app */ = {isa = PBXFileReference; explicitFileType = wrapper.application; includeInIndex = 0; path = "DSFAppearanceManager Demo.app"; sourceTree = BUILT_PRODUCTS_DIR; };
		23F9BA3D2807E62E00226BA4 /* AppDelegate.swift */ = {isa = PBXFileReference; lastKnownFileType = sourcecode.swift; path = AppDelegate.swift; sourceTree = "<group>"; };
		23F9BA3F2807E62E00226BA4 /* ViewController.swift */ = {isa = PBXFileReference; lastKnownFileType = sourcecode.swift; path = ViewController.swift; sourceTree = "<group>"; };
		23F9BA412807E62F00226BA4 /* Assets.xcassets */ = {isa = PBXFileReference; lastKnownFileType = folder.assetcatalog; path = Assets.xcassets; sourceTree = "<group>"; };
		23F9BA442807E62F00226BA4 /* Base */ = {isa = PBXFileReference; lastKnownFileType = file.storyboard; name = Base; path = Base.lproj/Main.storyboard; sourceTree = "<group>"; };
		23F9BA462807E62F00226BA4 /* DSFAppearanceManager_Demo.entitlements */ = {isa = PBXFileReference; lastKnownFileType = text.plist.entitlements; path = DSFAppearanceManager_Demo.entitlements; sourceTree = "<group>"; };
		23F9BA4C2807E63900226BA4 /* DSFAppearanceManager */ = {isa = PBXFileReference; lastKnownFileType = wrapper; name = DSFAppearanceManager; path = ../..; sourceTree = "<group>"; };
		23F9BA87280803DE00226BA4 /* DSFAppearanceManager ObjC Demo.app */ = {isa = PBXFileReference; explicitFileType = wrapper.application; includeInIndex = 0; path = "DSFAppearanceManager ObjC Demo.app"; sourceTree = BUILT_PRODUCTS_DIR; };
		23F9BA89280803DE00226BA4 /* AppDelegate.h */ = {isa = PBXFileReference; lastKnownFileType = sourcecode.c.h; path = AppDelegate.h; sourceTree = "<group>"; };
		23F9BA8A280803DE00226BA4 /* AppDelegate.m */ = {isa = PBXFileReference; lastKnownFileType = sourcecode.c.objc; path = AppDelegate.m; sourceTree = "<group>"; };
		23F9BA8C280803DE00226BA4 /* ViewController.h */ = {isa = PBXFileReference; lastKnownFileType = sourcecode.c.h; path = ViewController.h; sourceTree = "<group>"; };
		23F9BA8D280803DE00226BA4 /* ViewController.m */ = {isa = PBXFileReference; lastKnownFileType = sourcecode.c.objc; path = ViewController.m; sourceTree = "<group>"; };
		23F9BA8F280803DF00226BA4 /* Assets.xcassets */ = {isa = PBXFileReference; lastKnownFileType = folder.assetcatalog; path = Assets.xcassets; sourceTree = "<group>"; };
		23F9BA92280803DF00226BA4 /* Base */ = {isa = PBXFileReference; lastKnownFileType = file.storyboard; name = Base; path = Base.lproj/Main.storyboard; sourceTree = "<group>"; };
		23F9BA94280803DF00226BA4 /* main.m */ = {isa = PBXFileReference; lastKnownFileType = sourcecode.c.objc; path = main.m; sourceTree = "<group>"; };
		23F9BA96280803DF00226BA4 /* DSFAppearanceManager_ObjC_Demo.entitlements */ = {isa = PBXFileReference; lastKnownFileType = text.plist.entitlements; path = DSFAppearanceManager_ObjC_Demo.entitlements; sourceTree = "<group>"; };
/* End PBXFileReference section */

/* Begin PBXFrameworksBuildPhase section */
		23F9BA372807E62E00226BA4 /* Frameworks */ = {
			isa = PBXFrameworksBuildPhase;
			buildActionMask = 2147483647;
			files = (
				23F9BA582808003800226BA4 /* DSFAppearanceManager in Frameworks */,
			);
			runOnlyForDeploymentPostprocessing = 0;
		};
		23F9BA84280803DE00226BA4 /* Frameworks */ = {
			isa = PBXFrameworksBuildPhase;
			buildActionMask = 2147483647;
			files = (
				23F9BA9B2808040800226BA4 /* DSFAppearanceManager in Frameworks */,
			);
			runOnlyForDeploymentPostprocessing = 0;
		};
/* End PBXFrameworksBuildPhase section */

/* Begin PBXGroup section */
		23F9BA312807E62E00226BA4 = {
			isa = PBXGroup;
			children = (
				23F9BA4C2807E63900226BA4 /* DSFAppearanceManager */,
				23F9BA3C2807E62E00226BA4 /* DSFAppearanceManager Demo */,
				23F9BA88280803DE00226BA4 /* DSFAppearanceManager ObjC Demo */,
				23F9BA3B2807E62E00226BA4 /* Products */,
				23F9BA4D2807E63F00226BA4 /* Frameworks */,
			);
			sourceTree = "<group>";
		};
		23F9BA3B2807E62E00226BA4 /* Products */ = {
			isa = PBXGroup;
			children = (
				23F9BA3A2807E62E00226BA4 /* DSFAppearanceManager Demo.app */,
				23F9BA87280803DE00226BA4 /* DSFAppearanceManager ObjC Demo.app */,
			);
			name = Products;
			sourceTree = "<group>";
		};
		23F9BA3C2807E62E00226BA4 /* DSFAppearanceManager Demo */ = {
			isa = PBXGroup;
			children = (
				23F9BA3D2807E62E00226BA4 /* AppDelegate.swift */,
				23F9BA3F2807E62E00226BA4 /* ViewController.swift */,
				23F9BA412807E62F00226BA4 /* Assets.xcassets */,
				23F9BA432807E62F00226BA4 /* Main.storyboard */,
				23F9BA462807E62F00226BA4 /* DSFAppearanceManager_Demo.entitlements */,
			);
			path = "DSFAppearanceManager Demo";
			sourceTree = "<group>";
		};
		23F9BA4D2807E63F00226BA4 /* Frameworks */ = {
			isa = PBXGroup;
			children = (
			);
			name = Frameworks;
			sourceTree = "<group>";
		};
		23F9BA88280803DE00226BA4 /* DSFAppearanceManager ObjC Demo */ = {
			isa = PBXGroup;
			children = (
				23F9BA89280803DE00226BA4 /* AppDelegate.h */,
				23F9BA8A280803DE00226BA4 /* AppDelegate.m */,
				23F9BA8C280803DE00226BA4 /* ViewController.h */,
				23F9BA8D280803DE00226BA4 /* ViewController.m */,
				23F9BA8F280803DF00226BA4 /* Assets.xcassets */,
				23F9BA91280803DF00226BA4 /* Main.storyboard */,
				23F9BA94280803DF00226BA4 /* main.m */,
				23F9BA96280803DF00226BA4 /* DSFAppearanceManager_ObjC_Demo.entitlements */,
			);
			path = "DSFAppearanceManager ObjC Demo";
			sourceTree = "<group>";
		};
/* End PBXGroup section */

/* Begin PBXNativeTarget section */
		23F9BA392807E62E00226BA4 /* DSFAppearanceManager Demo */ = {
			isa = PBXNativeTarget;
			buildConfigurationList = 23F9BA492807E62F00226BA4 /* Build configuration list for PBXNativeTarget "DSFAppearanceManager Demo" */;
			buildPhases = (
				23F9BA362807E62E00226BA4 /* Sources */,
				23F9BA372807E62E00226BA4 /* Frameworks */,
				23F9BA382807E62E00226BA4 /* Resources */,
				23F9BA562808001200226BA4 /* Embed Frameworks */,
			);
			buildRules = (
			);
			dependencies = (
			);
			name = "DSFAppearanceManager Demo";
			packageProductDependencies = (
				23F9BA572808003800226BA4 /* DSFAppearanceManager */,
			);
			productName = "DSFAppearanceManager Demo";
			productReference = 23F9BA3A2807E62E00226BA4 /* DSFAppearanceManager Demo.app */;
			productType = "com.apple.product-type.application";
		};
		23F9BA86280803DE00226BA4 /* DSFAppearanceManager ObjC Demo */ = {
			isa = PBXNativeTarget;
			buildConfigurationList = 23F9BA97280803DF00226BA4 /* Build configuration list for PBXNativeTarget "DSFAppearanceManager ObjC Demo" */;
			buildPhases = (
				23F9BA83280803DE00226BA4 /* Sources */,
				23F9BA84280803DE00226BA4 /* Frameworks */,
				23F9BA85280803DE00226BA4 /* Resources */,
			);
			buildRules = (
			);
			dependencies = (
			);
			name = "DSFAppearanceManager ObjC Demo";
			packageProductDependencies = (
				23F9BA9A2808040800226BA4 /* DSFAppearanceManager */,
			);
			productName = "DSFAppearanceManager ObjC Demo";
			productReference = 23F9BA87280803DE00226BA4 /* DSFAppearanceManager ObjC Demo.app */;
			productType = "com.apple.product-type.application";
		};
/* End PBXNativeTarget section */

/* Begin PBXProject section */
		23F9BA322807E62E00226BA4 /* Project object */ = {
			isa = PBXProject;
			attributes = {
				BuildIndependentTargetsInParallel = 1;
				LastSwiftUpdateCheck = 1330;
				LastUpgradeCheck = 1330;
				TargetAttributes = {
					23F9BA392807E62E00226BA4 = {
						CreatedOnToolsVersion = 13.3.1;
					};
					23F9BA86280803DE00226BA4 = {
						CreatedOnToolsVersion = 13.3.1;
					};
				};
			};
			buildConfigurationList = 23F9BA352807E62E00226BA4 /* Build configuration list for PBXProject "DSFAppearanceManager Demo" */;
			compatibilityVersion = "Xcode 12.0";
			developmentRegion = en;
			hasScannedForEncodings = 0;
			knownRegions = (
				en,
				Base,
			);
			mainGroup = 23F9BA312807E62E00226BA4;
			packageReferences = (
			);
			productRefGroup = 23F9BA3B2807E62E00226BA4 /* Products */;
			projectDirPath = "";
			projectRoot = "";
			targets = (
				23F9BA392807E62E00226BA4 /* DSFAppearanceManager Demo */,
				23F9BA86280803DE00226BA4 /* DSFAppearanceManager ObjC Demo */,
			);
		};
/* End PBXProject section */

/* Begin PBXResourcesBuildPhase section */
		23F9BA382807E62E00226BA4 /* Resources */ = {
			isa = PBXResourcesBuildPhase;
			buildActionMask = 2147483647;
			files = (
				23F9BA422807E62F00226BA4 /* Assets.xcassets in Resources */,
				23F9BA452807E62F00226BA4 /* Main.storyboard in Resources */,
			);
			runOnlyForDeploymentPostprocessing = 0;
		};
		23F9BA85280803DE00226BA4 /* Resources */ = {
			isa = PBXResourcesBuildPhase;
			buildActionMask = 2147483647;
			files = (
				23F9BA90280803DF00226BA4 /* Assets.xcassets in Resources */,
				23F9BA93280803DF00226BA4 /* Main.storyboard in Resources */,
			);
			runOnlyForDeploymentPostprocessing = 0;
		};
/* End PBXResourcesBuildPhase section */

/* Begin PBXSourcesBuildPhase section */
		23F9BA362807E62E00226BA4 /* Sources */ = {
			isa = PBXSourcesBuildPhase;
			buildActionMask = 2147483647;
			files = (
				23F9BA402807E62E00226BA4 /* ViewController.swift in Sources */,
				23F9BA3E2807E62E00226BA4 /* AppDelegate.swift in Sources */,
			);
			runOnlyForDeploymentPostprocessing = 0;
		};
		23F9BA83280803DE00226BA4 /* Sources */ = {
			isa = PBXSourcesBuildPhase;
			buildActionMask = 2147483647;
			files = (
				23F9BA8E280803DE00226BA4 /* ViewController.m in Sources */,
				23F9BA95280803DF00226BA4 /* main.m in Sources */,
				23F9BA8B280803DE00226BA4 /* AppDelegate.m in Sources */,
			);
			runOnlyForDeploymentPostprocessing = 0;
		};
/* End PBXSourcesBuildPhase section */

/* Begin PBXVariantGroup section */
		23F9BA432807E62F00226BA4 /* Main.storyboard */ = {
			isa = PBXVariantGroup;
			children = (
				23F9BA442807E62F00226BA4 /* Base */,
			);
			name = Main.storyboard;
			sourceTree = "<group>";
		};
		23F9BA91280803DF00226BA4 /* Main.storyboard */ = {
			isa = PBXVariantGroup;
			children = (
				23F9BA92280803DF00226BA4 /* Base */,
			);
			name = Main.storyboard;
			sourceTree = "<group>";
		};
/* End PBXVariantGroup section */

/* Begin XCBuildConfiguration section */
		23F9BA472807E62F00226BA4 /* Debug */ = {
			isa = XCBuildConfiguration;
			buildSettings = {
				ALWAYS_SEARCH_USER_PATHS = NO;
				CLANG_ANALYZER_NONNULL = YES;
				CLANG_ANALYZER_NUMBER_OBJECT_CONVERSION = YES_AGGRESSIVE;
				CLANG_CXX_LANGUAGE_STANDARD = "gnu++17";
				CLANG_ENABLE_MODULES = YES;
				CLANG_ENABLE_OBJC_ARC = YES;
				CLANG_ENABLE_OBJC_WEAK = YES;
				CLANG_WARN_BLOCK_CAPTURE_AUTORELEASING = YES;
				CLANG_WARN_BOOL_CONVERSION = YES;
				CLANG_WARN_COMMA = YES;
				CLANG_WARN_CONSTANT_CONVERSION = YES;
				CLANG_WARN_DEPRECATED_OBJC_IMPLEMENTATIONS = YES;
				CLANG_WARN_DIRECT_OBJC_ISA_USAGE = YES_ERROR;
				CLANG_WARN_DOCUMENTATION_COMMENTS = YES;
				CLANG_WARN_EMPTY_BODY = YES;
				CLANG_WARN_ENUM_CONVERSION = YES;
				CLANG_WARN_INFINITE_RECURSION = YES;
				CLANG_WARN_INT_CONVERSION = YES;
				CLANG_WARN_NON_LITERAL_NULL_CONVERSION = YES;
				CLANG_WARN_OBJC_IMPLICIT_RETAIN_SELF = YES;
				CLANG_WARN_OBJC_LITERAL_CONVERSION = YES;
				CLANG_WARN_OBJC_ROOT_CLASS = YES_ERROR;
				CLANG_WARN_QUOTED_INCLUDE_IN_FRAMEWORK_HEADER = YES;
				CLANG_WARN_RANGE_LOOP_ANALYSIS = YES;
				CLANG_WARN_STRICT_PROTOTYPES = YES;
				CLANG_WARN_SUSPICIOUS_MOVE = YES;
				CLANG_WARN_UNGUARDED_AVAILABILITY = YES_AGGRESSIVE;
				CLANG_WARN_UNREACHABLE_CODE = YES;
				CLANG_WARN__DUPLICATE_METHOD_MATCH = YES;
				COPY_PHASE_STRIP = NO;
				DEBUG_INFORMATION_FORMAT = dwarf;
				ENABLE_STRICT_OBJC_MSGSEND = YES;
				ENABLE_TESTABILITY = YES;
				GCC_C_LANGUAGE_STANDARD = gnu11;
				GCC_DYNAMIC_NO_PIC = NO;
				GCC_NO_COMMON_BLOCKS = YES;
				GCC_OPTIMIZATION_LEVEL = 0;
				GCC_PREPROCESSOR_DEFINITIONS = (
					"DEBUG=1",
					"$(inherited)",
				);
				GCC_WARN_64_TO_32_BIT_CONVERSION = YES;
				GCC_WARN_ABOUT_RETURN_TYPE = YES_ERROR;
				GCC_WARN_UNDECLARED_SELECTOR = YES;
				GCC_WARN_UNINITIALIZED_AUTOS = YES_AGGRESSIVE;
				GCC_WARN_UNUSED_FUNCTION = YES;
				GCC_WARN_UNUSED_VARIABLE = YES;
				MACOSX_DEPLOYMENT_TARGET = 10.12.2;
				MTL_ENABLE_DEBUG_INFO = INCLUDE_SOURCE;
				MTL_FAST_MATH = YES;
				ONLY_ACTIVE_ARCH = YES;
				SDKROOT = macosx;
				SWIFT_ACTIVE_COMPILATION_CONDITIONS = DEBUG;
				SWIFT_OPTIMIZATION_LEVEL = "-Onone";
			};
			name = Debug;
		};
		23F9BA482807E62F00226BA4 /* Release */ = {
			isa = XCBuildConfiguration;
			buildSettings = {
				ALWAYS_SEARCH_USER_PATHS = NO;
				CLANG_ANALYZER_NONNULL = YES;
				CLANG_ANALYZER_NUMBER_OBJECT_CONVERSION = YES_AGGRESSIVE;
				CLANG_CXX_LANGUAGE_STANDARD = "gnu++17";
				CLANG_ENABLE_MODULES = YES;
				CLANG_ENABLE_OBJC_ARC = YES;
				CLANG_ENABLE_OBJC_WEAK = YES;
				CLANG_WARN_BLOCK_CAPTURE_AUTORELEASING = YES;
				CLANG_WARN_BOOL_CONVERSION = YES;
				CLANG_WARN_COMMA = YES;
				CLANG_WARN_CONSTANT_CONVERSION = YES;
				CLANG_WARN_DEPRECATED_OBJC_IMPLEMENTATIONS = YES;
				CLANG_WARN_DIRECT_OBJC_ISA_USAGE = YES_ERROR;
				CLANG_WARN_DOCUMENTATION_COMMENTS = YES;
				CLANG_WARN_EMPTY_BODY = YES;
				CLANG_WARN_ENUM_CONVERSION = YES;
				CLANG_WARN_INFINITE_RECURSION = YES;
				CLANG_WARN_INT_CONVERSION = YES;
				CLANG_WARN_NON_LITERAL_NULL_CONVERSION = YES;
				CLANG_WARN_OBJC_IMPLICIT_RETAIN_SELF = YES;
				CLANG_WARN_OBJC_LITERAL_CONVERSION = YES;
				CLANG_WARN_OBJC_ROOT_CLASS = YES_ERROR;
				CLANG_WARN_QUOTED_INCLUDE_IN_FRAMEWORK_HEADER = YES;
				CLANG_WARN_RANGE_LOOP_ANALYSIS = YES;
				CLANG_WARN_STRICT_PROTOTYPES = YES;
				CLANG_WARN_SUSPICIOUS_MOVE = YES;
				CLANG_WARN_UNGUARDED_AVAILABILITY = YES_AGGRESSIVE;
				CLANG_WARN_UNREACHABLE_CODE = YES;
				CLANG_WARN__DUPLICATE_METHOD_MATCH = YES;
				COPY_PHASE_STRIP = NO;
				DEBUG_INFORMATION_FORMAT = "dwarf-with-dsym";
				ENABLE_NS_ASSERTIONS = NO;
				ENABLE_STRICT_OBJC_MSGSEND = YES;
				GCC_C_LANGUAGE_STANDARD = gnu11;
				GCC_NO_COMMON_BLOCKS = YES;
				GCC_WARN_64_TO_32_BIT_CONVERSION = YES;
				GCC_WARN_ABOUT_RETURN_TYPE = YES_ERROR;
				GCC_WARN_UNDECLARED_SELECTOR = YES;
				GCC_WARN_UNINITIALIZED_AUTOS = YES_AGGRESSIVE;
				GCC_WARN_UNUSED_FUNCTION = YES;
				GCC_WARN_UNUSED_VARIABLE = YES;
				MACOSX_DEPLOYMENT_TARGET = 10.12.2;
				MTL_ENABLE_DEBUG_INFO = NO;
				MTL_FAST_MATH = YES;
				SDKROOT = macosx;
				SWIFT_COMPILATION_MODE = wholemodule;
				SWIFT_OPTIMIZATION_LEVEL = "-O";
			};
			name = Release;
		};
		23F9BA4A2807E62F00226BA4 /* Debug */ = {
			isa = XCBuildConfiguration;
			buildSettings = {
				ASSETCATALOG_COMPILER_APPICON_NAME = AppIcon;
				ASSETCATALOG_COMPILER_GLOBAL_ACCENT_COLOR_NAME = AccentColor;
				CODE_SIGN_ENTITLEMENTS = "DSFAppearanceManager Demo/DSFAppearanceManager_Demo.entitlements";
				CODE_SIGN_STYLE = Automatic;
				COMBINE_HIDPI_IMAGES = YES;
				CURRENT_PROJECT_VERSION = 1;
				DEVELOPMENT_TEAM = "";
				ENABLE_HARDENED_RUNTIME = YES;
				GENERATE_INFOPLIST_FILE = YES;
				INFOPLIST_KEY_LSApplicationCategoryType = "public.app-category.developer-tools";
				INFOPLIST_KEY_NSHumanReadableCopyright = "";
				INFOPLIST_KEY_NSMainStoryboardFile = Main;
				INFOPLIST_KEY_NSPrincipalClass = NSApplication;
				LD_RUNPATH_SEARCH_PATHS = (
					"$(inherited)",
					"@executable_path/../Frameworks",
				);
				MARKETING_VERSION = 1.0;
				PRODUCT_BUNDLE_IDENTIFIER = "com.dagronf.dsfappearancemanager.demo.DSFAppearanceManager-Demo";
				PRODUCT_NAME = "$(TARGET_NAME)";
				SWIFT_EMIT_LOC_STRINGS = YES;
				SWIFT_VERSION = 5.0;
			};
			name = Debug;
		};
		23F9BA4B2807E62F00226BA4 /* Release */ = {
			isa = XCBuildConfiguration;
			buildSettings = {
				ASSETCATALOG_COMPILER_APPICON_NAME = AppIcon;
				ASSETCATALOG_COMPILER_GLOBAL_ACCENT_COLOR_NAME = AccentColor;
				CODE_SIGN_ENTITLEMENTS = "DSFAppearanceManager Demo/DSFAppearanceManager_Demo.entitlements";
				CODE_SIGN_STYLE = Automatic;
				COMBINE_HIDPI_IMAGES = YES;
				CURRENT_PROJECT_VERSION = 1;
				DEVELOPMENT_TEAM = "";
				ENABLE_HARDENED_RUNTIME = YES;
				GENERATE_INFOPLIST_FILE = YES;
				INFOPLIST_KEY_LSApplicationCategoryType = "public.app-category.developer-tools";
				INFOPLIST_KEY_NSHumanReadableCopyright = "";
				INFOPLIST_KEY_NSMainStoryboardFile = Main;
				INFOPLIST_KEY_NSPrincipalClass = NSApplication;
				LD_RUNPATH_SEARCH_PATHS = (
					"$(inherited)",
					"@executable_path/../Frameworks",
				);
				MARKETING_VERSION = 1.0;
				PRODUCT_BUNDLE_IDENTIFIER = "com.dagronf.dsfappearancemanager.demo.DSFAppearanceManager-Demo";
				PRODUCT_NAME = "$(TARGET_NAME)";
				SWIFT_EMIT_LOC_STRINGS = YES;
				SWIFT_VERSION = 5.0;
			};
			name = Release;
		};
		23F9BA98280803DF00226BA4 /* Debug */ = {
			isa = XCBuildConfiguration;
			buildSettings = {
				ALWAYS_EMBED_SWIFT_STANDARD_LIBRARIES = YES;
				ASSETCATALOG_COMPILER_APPICON_NAME = AppIcon;
				ASSETCATALOG_COMPILER_GLOBAL_ACCENT_COLOR_NAME = AccentColor;
				CODE_SIGN_ENTITLEMENTS = "DSFAppearanceManager ObjC Demo/DSFAppearanceManager_ObjC_Demo.entitlements";
				CODE_SIGN_STYLE = Automatic;
				COMBINE_HIDPI_IMAGES = YES;
				CURRENT_PROJECT_VERSION = 1;
				DEVELOPMENT_TEAM = "";
				ENABLE_HARDENED_RUNTIME = YES;
				GENERATE_INFOPLIST_FILE = YES;
				INFOPLIST_KEY_NSHumanReadableCopyright = "";
				INFOPLIST_KEY_NSMainStoryboardFile = Main;
				INFOPLIST_KEY_NSPrincipalClass = NSApplication;
				LD_RUNPATH_SEARCH_PATHS = (
					"$(inherited)",
					"@executable_path/../Frameworks",
				);
				MACOSX_DEPLOYMENT_TARGET = 10.11;
				MARKETING_VERSION = 1.0;
				PRODUCT_BUNDLE_IDENTIFIER = "com.dagronf.dsfappearancemanager.objcdemo.DSFAppearanceManager-ObjC-Demo";
				PRODUCT_NAME = "$(TARGET_NAME)";
				SWIFT_EMIT_LOC_STRINGS = YES;
			};
			name = Debug;
		};
		23F9BA99280803DF00226BA4 /* Release */ = {
			isa = XCBuildConfiguration;
			buildSettings = {
				ALWAYS_EMBED_SWIFT_STANDARD_LIBRARIES = YES;
				ASSETCATALOG_COMPILER_APPICON_NAME = AppIcon;
				ASSETCATALOG_COMPILER_GLOBAL_ACCENT_COLOR_NAME = AccentColor;
				CODE_SIGN_ENTITLEMENTS = "DSFAppearanceManager ObjC Demo/DSFAppearanceManager_ObjC_Demo.entitlements";
				CODE_SIGN_STYLE = Automatic;
				COMBINE_HIDPI_IMAGES = YES;
				CURRENT_PROJECT_VERSION = 1;
				DEVELOPMENT_TEAM = "";
				ENABLE_HARDENED_RUNTIME = YES;
				GENERATE_INFOPLIST_FILE = YES;
				INFOPLIST_KEY_NSHumanReadableCopyright = "";
				INFOPLIST_KEY_NSMainStoryboardFile = Main;
				INFOPLIST_KEY_NSPrincipalClass = NSApplication;
				LD_RUNPATH_SEARCH_PATHS = (
					"$(inherited)",
					"@executable_path/../Frameworks",
				);
				MACOSX_DEPLOYMENT_TARGET = 10.11;
				MARKETING_VERSION = 1.0;
				PRODUCT_BUNDLE_IDENTIFIER = "com.dagronf.dsfappearancemanager.objcdemo.DSFAppearanceManager-ObjC-Demo";
				PRODUCT_NAME = "$(TARGET_NAME)";
				SWIFT_EMIT_LOC_STRINGS = YES;
			};
			name = Release;
		};
/* End XCBuildConfiguration section */

/* Begin XCConfigurationList section */
		23F9BA352807E62E00226BA4 /* Build configuration list for PBXProject "DSFAppearanceManager Demo" */ = {
			isa = XCConfigurationList;
			buildConfigurations = (
				23F9BA472807E62F00226BA4 /* Debug */,
				23F9BA482807E62F00226BA4 /* Release */,
			);
			defaultConfigurationIsVisible = 0;
			defaultConfigurationName = Release;
		};
		23F9BA492807E62F00226BA4 /* Build configuration list for PBXNativeTarget "DSFAppearanceManager Demo" */ = {
			isa = XCConfigurationList;
			buildConfigurations = (
				23F9BA4A2807E62F00226BA4 /* Debug */,
				23F9BA4B2807E62F00226BA4 /* Release */,
			);
			defaultConfigurationIsVisible = 0;
			defaultConfigurationName = Release;
		};
		23F9BA97280803DF00226BA4 /* Build configuration list for PBXNativeTarget "DSFAppearanceManager ObjC Demo" */ = {
			isa = XCConfigurationList;
			buildConfigurations = (
				23F9BA98280803DF00226BA4 /* Debug */,
				23F9BA99280803DF00226BA4 /* Release */,
			);
			defaultConfigurationIsVisible = 0;
			defaultConfigurationName = Release;
		};
/* End XCConfigurationList section */

/* Begin XCSwiftPackageProductDependency section */
		23F9BA572808003800226BA4 /* DSFAppearanceManager */ = {
			isa = XCSwiftPackageProductDependency;
			productName = DSFAppearanceManager;
		};
		23F9BA9A2808040800226BA4 /* DSFAppearanceManager */ = {
			isa = XCSwiftPackageProductDependency;
			productName = DSFAppearanceManager;
		};
/* End XCSwiftPackageProductDependency section */
	};
	rootObject = 23F9BA322807E62E00226BA4 /* Project object */;
}
